
Microsoft Visual Studio Solution File, Format Version 12.00
# Visual Studio Version 17
VisualStudioVersion = 17.6.33712.159
MinimumVisualStudioVersion = 10.0.40219.1
Project("{FAE04EC0-301F-11D3-BF4B-00C04F79EFBC}") = "test", "test\test.csproj", "{A3780A79-AD01-4029-8726-F4F0D3BA64E4}"
EndProject
Global
	GlobalSection(SolutionConfigurationPlatforms) = preSolution
		Debug|Any CPU = Debug|Any CPU
		Release|Any CPU = Release|Any CPU
	EndGlobalSection
	GlobalSection(ProjectConfigurationPlatforms) = postSolution
		{A3780A79-AD01-4029-8726-F4F0D3BA64E4}.Debug|Any CPU.ActiveCfg = Debug|Any CPU
		{A3780A79-AD01-4029-8726-F4F0D3BA64E4}.Debug|Any CPU.Build.0 = Debug|Any CPU
		{A3780A79-AD01-4029-8726-F4F0D3BA64E4}.Release|Any CPU.ActiveCfg = Release|Any CPU
		{A3780A79-AD01-4029-8726-F4F0D3BA64E4}.Release|Any CPU.Build.0 = Release|Any CPU
	EndGlobalSection
	GlobalSection(SolutionProperties) = preSolution
		HideSolutionNode = FALSE
	EndGlobalSection
	GlobalSection(ExtensibilityGlobals) = postSolution
		SolutionGuid = {68C933F0-2069-482F-9A05-069F41A923F0}
	EndGlobalSection
EndGlobal
